// !$*UTF8*$!
{
	archiveVersion = 1;
	classes = {
	};
	objectVersion = 77;
	objects = {

/* Begin PBXBuildFile section */
		DD67D0EA2D9823E20026EF0E /* Alamofire in Frameworks */ = {isa = PBXBuildFile; productRef = DD67D0E92D9823E20026EF0E /* Alamofire */; };
		DDB6FC172D985DFA00F4C149 /* CharacterEntity+CoreDataClass.swift in Sources */ = {isa = PBXBuildFile; fileRef = DDB6FC152D985DFA00F4C149 /* CharacterEntity+CoreDataClass.swift */; };
		DDB6FC182D985DFA00F4C149 /* CharacterEntity+CoreDataProperties.swift in Sources */ = {isa = PBXBuildFile; fileRef = DDB6FC162D985DFA00F4C149 /* CharacterEntity+CoreDataProperties.swift */; };
		DDB6FC1A2D986A1600F4C149 /* CoreDataWorker.swift in Sources */ = {isa = PBXBuildFile; fileRef = DDB6FC192D9869F600F4C149 /* CoreDataWorker.swift */; };
		DDC4F9132D994500009E322A /* CharacterModelsData.swift in Sources */ = {isa = PBXBuildFile; fileRef = DDC4F9122D9944FF009E322A /* CharacterModelsData.swift */; };
		DDC4F9152D994546009E322A /* RickAndMortyAPIDataModels.swift in Sources */ = {isa = PBXBuildFile; fileRef = DDC4F9142D994543009E322A /* RickAndMortyAPIDataModels.swift */; };
		DDEF44082D973EC200DFECE8 /* Assets.xcassets in Resources */ = {isa = PBXBuildFile; fileRef = DDEF43FF2D973EC200DFECE8 /* Assets.xcassets */; };
		DDEF440A2D973EC200DFECE8 /* LaunchScreen.storyboard in Resources */ = {isa = PBXBuildFile; fileRef = DDEF44022D973EC200DFECE8 /* LaunchScreen.storyboard */; };
		DDEF440B2D973EC200DFECE8 /* AppDelegate.swift in Sources */ = {isa = PBXBuildFile; fileRef = DDEF43FE2D973EC200DFECE8 /* AppDelegate.swift */; };
		DDEF440C2D973EC200DFECE8 /* RickAndMortyApp.xcdatamodeld in Sources */ = {isa = PBXBuildFile; fileRef = DDEF44032D973EC200DFECE8 /* RickAndMortyApp.xcdatamodeld */; };
		DDEF440D2D973EC200DFECE8 /* SceneDelegate.swift in Sources */ = {isa = PBXBuildFile; fileRef = DDEF44042D973EC200DFECE8 /* SceneDelegate.swift */; };
		DDEF440E2D973EC200DFECE8 /* CharacterViewController.swift in Sources */ = {isa = PBXBuildFile; fileRef = DDEF44052D973EC200DFECE8 /* CharacterViewController.swift */; };
		DDEF44132D9741E300DFECE8 /* CharactersInteractor.swift in Sources */ = {isa = PBXBuildFile; fileRef = DDEF44122D9741C600DFECE8 /* CharactersInteractor.swift */; };
		DDEF44152D97420D00DFECE8 /* CharactersPresenter.swift in Sources */ = {isa = PBXBuildFile; fileRef = DDEF44142D9741FF00DFECE8 /* CharactersPresenter.swift */; };
		DDEF44192D97424B00DFECE8 /* CharactersWorker.swift in Sources */ = {isa = PBXBuildFile; fileRef = DDEF44182D97422A00DFECE8 /* CharactersWorker.swift */; };
		DDEF441B2D97426C00DFECE8 /* CharactersRouter.swift in Sources */ = {isa = PBXBuildFile; fileRef = DDEF441A2D97425200DFECE8 /* CharactersRouter.swift */; };
/* End PBXBuildFile section */

/* Begin PBXFileReference section */
		DDB6FC152D985DFA00F4C149 /* CharacterEntity+CoreDataClass.swift */ = {isa = PBXFileReference; lastKnownFileType = sourcecode.swift; path = "CharacterEntity+CoreDataClass.swift"; sourceTree = "<group>"; };
		DDB6FC162D985DFA00F4C149 /* CharacterEntity+CoreDataProperties.swift */ = {isa = PBXFileReference; lastKnownFileType = sourcecode.swift; path = "CharacterEntity+CoreDataProperties.swift"; sourceTree = "<group>"; };
		DDB6FC192D9869F600F4C149 /* CoreDataWorker.swift */ = {isa = PBXFileReference; lastKnownFileType = sourcecode.swift; path = CoreDataWorker.swift; sourceTree = "<group>"; };
		DDC4F9122D9944FF009E322A /* CharacterModelsData.swift */ = {isa = PBXFileReference; lastKnownFileType = sourcecode.swift; path = CharacterModelsData.swift; sourceTree = "<group>"; };
		DDC4F9142D994543009E322A /* RickAndMortyAPIDataModels.swift */ = {isa = PBXFileReference; lastKnownFileType = sourcecode.swift; path = RickAndMortyAPIDataModels.swift; sourceTree = "<group>"; };
		DDEF43D32D973A8F00DFECE8 /* RickAndMortyApp.app */ = {isa = PBXFileReference; explicitFileType = wrapper.application; includeInIndex = 0; path = RickAndMortyApp.app; sourceTree = BUILT_PRODUCTS_DIR; };
		DDEF43FE2D973EC200DFECE8 /* AppDelegate.swift */ = {isa = PBXFileReference; lastKnownFileType = sourcecode.swift; path = AppDelegate.swift; sourceTree = "<group>"; };
		DDEF43FF2D973EC200DFECE8 /* Assets.xcassets */ = {isa = PBXFileReference; lastKnownFileType = folder.assetcatalog; path = Assets.xcassets; sourceTree = "<group>"; };
		DDEF44002D973EC200DFECE8 /* Info.plist */ = {isa = PBXFileReference; lastKnownFileType = text.plist.xml; path = Info.plist; sourceTree = "<group>"; };
		DDEF44012D973EC200DFECE8 /* Base */ = {isa = PBXFileReference; lastKnownFileType = file.storyboard; name = Base; path = Base.lproj/LaunchScreen.storyboard; sourceTree = "<group>"; };
		DDEF44042D973EC200DFECE8 /* SceneDelegate.swift */ = {isa = PBXFileReference; lastKnownFileType = sourcecode.swift; path = SceneDelegate.swift; sourceTree = "<group>"; };
		DDEF44052D973EC200DFECE8 /* CharacterViewController.swift */ = {isa = PBXFileReference; lastKnownFileType = sourcecode.swift; path = CharacterViewController.swift; sourceTree = "<group>"; };
		DDEF44072D973EC200DFECE8 /* RickAndMortyApp.xcdatamodel */ = {isa = PBXFileReference; lastKnownFileType = wrapper.xcdatamodel; path = RickAndMortyApp.xcdatamodel; sourceTree = "<group>"; };
		DDEF44122D9741C600DFECE8 /* CharactersInteractor.swift */ = {isa = PBXFileReference; lastKnownFileType = sourcecode.swift; path = CharactersInteractor.swift; sourceTree = "<group>"; };
		DDEF44142D9741FF00DFECE8 /* CharactersPresenter.swift */ = {isa = PBXFileReference; lastKnownFileType = sourcecode.swift; path = CharactersPresenter.swift; sourceTree = "<group>"; };
		DDEF44182D97422A00DFECE8 /* CharactersWorker.swift */ = {isa = PBXFileReference; lastKnownFileType = sourcecode.swift; path = CharactersWorker.swift; sourceTree = "<group>"; };
		DDEF441A2D97425200DFECE8 /* CharactersRouter.swift */ = {isa = PBXFileReference; lastKnownFileType = sourcecode.swift; path = CharactersRouter.swift; sourceTree = "<group>"; };
/* End PBXFileReference section */

/* Begin PBXFrameworksBuildPhase section */
		DDEF43D02D973A8F00DFECE8 /* Frameworks */ = {
			isa = PBXFrameworksBuildPhase;
			buildActionMask = 2147483647;
			files = (
				DD67D0EA2D9823E20026EF0E /* Alamofire in Frameworks */,
			);
			runOnlyForDeploymentPostprocessing = 0;
		};
/* End PBXFrameworksBuildPhase section */

/* Begin PBXGroup section */
		DDB6FC132D98577300F4C149 /* Services */ = {
			isa = PBXGroup;
			children = (
				DDB6FC192D9869F600F4C149 /* CoreDataWorker.swift */,
				DDB6FC162D985DFA00F4C149 /* CharacterEntity+CoreDataProperties.swift */,
				DDB6FC152D985DFA00F4C149 /* CharacterEntity+CoreDataClass.swift */,
				DDB6FC142D98579E00F4C149 /* Entities */,
			);
			path = Services;
			sourceTree = "<group>";
		};
		DDB6FC142D98579E00F4C149 /* Entities */ = {
			isa = PBXGroup;
			children = (
				DDEF44032D973EC200DFECE8 /* RickAndMortyApp.xcdatamodeld */,
			);
			path = Entities;
			sourceTree = "<group>";
		};
		DDEF43CA2D973A8F00DFECE8 = {
			isa = PBXGroup;
			children = (
				DDEF44062D973EC200DFECE8 /* RickAndMortyApp */,
				DDEF43D42D973A8F00DFECE8 /* Products */,
			);
			sourceTree = "<group>";
		};
		DDEF43D42D973A8F00DFECE8 /* Products */ = {
			isa = PBXGroup;
			children = (
				DDEF43D32D973A8F00DFECE8 /* RickAndMortyApp.app */,
			);
			name = Products;
			sourceTree = "<group>";
		};
		DDEF44062D973EC200DFECE8 /* RickAndMortyApp */ = {
			isa = PBXGroup;
			children = (
				DDC4F9142D994543009E322A /* RickAndMortyAPIDataModels.swift */,
				DDB6FC132D98577300F4C149 /* Services */,
				DDEF440F2D973EC800DFECE8 /* App */,
				DDEF44102D97404300DFECE8 /* Scenes */,
				DDEF44002D973EC200DFECE8 /* Info.plist */,
				DDEF43FF2D973EC200DFECE8 /* Assets.xcassets */,
				DDEF44022D973EC200DFECE8 /* LaunchScreen.storyboard */,
			);
			path = RickAndMortyApp;
			sourceTree = "<group>";
		};
		DDEF440F2D973EC800DFECE8 /* App */ = {
			isa = PBXGroup;
			children = (
				DDEF43FE2D973EC200DFECE8 /* AppDelegate.swift */,
				DDEF44042D973EC200DFECE8 /* SceneDelegate.swift */,
			);
			path = App;
			sourceTree = "<group>";
		};
		DDEF44102D97404300DFECE8 /* Scenes */ = {
			isa = PBXGroup;
			children = (
				DDEF44112D97413A00DFECE8 /* Characters */,
			);
			path = Scenes;
			sourceTree = "<group>";
		};
		DDEF44112D97413A00DFECE8 /* Characters */ = {
			isa = PBXGroup;
			children = (
				DDC4F9122D9944FF009E322A /* CharacterModelsData.swift */,
				DDEF441A2D97425200DFECE8 /* CharactersRouter.swift */,
				DDEF44182D97422A00DFECE8 /* CharactersWorker.swift */,
				DDEF44142D9741FF00DFECE8 /* CharactersPresenter.swift */,
				DDEF44122D9741C600DFECE8 /* CharactersInteractor.swift */,
				DDEF44052D973EC200DFECE8 /* CharacterViewController.swift */,
			);
			path = Characters;
			sourceTree = "<group>";
		};
/* End PBXGroup section */

/* Begin PBXNativeTarget section */
		DDEF43D22D973A8F00DFECE8 /* RickAndMortyApp */ = {
			isa = PBXNativeTarget;
			buildConfigurationList = DDEF43E92D973A9100DFECE8 /* Build configuration list for PBXNativeTarget "RickAndMortyApp" */;
			buildPhases = (
				DDEF43CF2D973A8F00DFECE8 /* Sources */,
				DDEF43D02D973A8F00DFECE8 /* Frameworks */,
				DDEF43D12D973A8F00DFECE8 /* Resources */,
			);
			buildRules = (
			);
			dependencies = (
			);
			name = RickAndMortyApp;
			packageProductDependencies = (
				DD67D0E92D9823E20026EF0E /* Alamofire */,
			);
			productName = RickAndMortyApp;
			productReference = DDEF43D32D973A8F00DFECE8 /* RickAndMortyApp.app */;
			productType = "com.apple.product-type.application";
		};
/* End PBXNativeTarget section */

/* Begin PBXProject section */
		DDEF43CB2D973A8F00DFECE8 /* Project object */ = {
			isa = PBXProject;
			attributes = {
				BuildIndependentTargetsInParallel = 1;
				LastSwiftUpdateCheck = 1620;
				LastUpgradeCheck = 1620;
				TargetAttributes = {
					DDEF43D22D973A8F00DFECE8 = {
						CreatedOnToolsVersion = 16.2;
					};
				};
			};
			buildConfigurationList = DDEF43CE2D973A8F00DFECE8 /* Build configuration list for PBXProject "RickAndMortyApp" */;
			developmentRegion = en;
			hasScannedForEncodings = 0;
			knownRegions = (
				en,
				Base,
			);
			mainGroup = DDEF43CA2D973A8F00DFECE8;
			minimizedProjectReferenceProxies = 1;
			packageReferences = (
				DD67D0E82D9823E20026EF0E /* XCRemoteSwiftPackageReference "Alamofire" */,
			);
			preferredProjectObjectVersion = 77;
			productRefGroup = DDEF43D42D973A8F00DFECE8 /* Products */;
			projectDirPath = "";
			projectRoot = "";
			targets = (
				DDEF43D22D973A8F00DFECE8 /* RickAndMortyApp */,
			);
		};
/* End PBXProject section */

/* Begin PBXResourcesBuildPhase section */
		DDEF43D12D973A8F00DFECE8 /* Resources */ = {
			isa = PBXResourcesBuildPhase;
			buildActionMask = 2147483647;
			files = (
				DDEF44082D973EC200DFECE8 /* Assets.xcassets in Resources */,
				DDEF440A2D973EC200DFECE8 /* LaunchScreen.storyboard in Resources */,
			);
			runOnlyForDeploymentPostprocessing = 0;
		};
/* End PBXResourcesBuildPhase section */

/* Begin PBXSourcesBuildPhase section */
		DDEF43CF2D973A8F00DFECE8 /* Sources */ = {
			isa = PBXSourcesBuildPhase;
			buildActionMask = 2147483647;
			files = (
				DDEF441B2D97426C00DFECE8 /* CharactersRouter.swift in Sources */,
				DDEF440B2D973EC200DFECE8 /* AppDelegate.swift in Sources */,
				DDC4F9152D994546009E322A /* RickAndMortyAPIDataModels.swift in Sources */,
				DDC4F9132D994500009E322A /* CharacterModelsData.swift in Sources */,
				DDB6FC172D985DFA00F4C149 /* CharacterEntity+CoreDataClass.swift in Sources */,
				DDB6FC182D985DFA00F4C149 /* CharacterEntity+CoreDataProperties.swift in Sources */,
				DDEF440C2D973EC200DFECE8 /* RickAndMortyApp.xcdatamodeld in Sources */,
				DDB6FC1A2D986A1600F4C149 /* CoreDataWorker.swift in Sources */,
				DDEF44192D97424B00DFECE8 /* CharactersWorker.swift in Sources */,
				DDEF44152D97420D00DFECE8 /* CharactersPresenter.swift in Sources */,
				DDEF440D2D973EC200DFECE8 /* SceneDelegate.swift in Sources */,
				DDEF440E2D973EC200DFECE8 /* CharacterViewController.swift in Sources */,
				DDEF44132D9741E300DFECE8 /* CharactersInteractor.swift in Sources */,
			);
			runOnlyForDeploymentPostprocessing = 0;
		};
/* End PBXSourcesBuildPhase section */

/* Begin PBXVariantGroup section */
		DDEF44022D973EC200DFECE8 /* LaunchScreen.storyboard */ = {
			isa = PBXVariantGroup;
			children = (
				DDEF44012D973EC200DFECE8 /* Base */,
			);
			name = LaunchScreen.storyboard;
			sourceTree = "<group>";
		};
/* End PBXVariantGroup section */

/* Begin XCBuildConfiguration section */
		DDEF43EA2D973A9100DFECE8 /* Debug */ = {
			isa = XCBuildConfiguration;
			buildSettings = {
				ASSETCATALOG_COMPILER_APPICON_NAME = AppIcon;
				ASSETCATALOG_COMPILER_GLOBAL_ACCENT_COLOR_NAME = AccentColor;
				CODE_SIGN_STYLE = Automatic;
				CURRENT_PROJECT_VERSION = 1;
				DEVELOPMENT_TEAM = D28SS25G7Y;
				GENERATE_INFOPLIST_FILE = YES;
				INFOPLIST_FILE = RickAndMortyApp/Info.plist;
				INFOPLIST_KEY_UIApplicationSupportsIndirectInputEvents = YES;
				INFOPLIST_KEY_UILaunchStoryboardName = LaunchScreen;
				INFOPLIST_KEY_UISupportedInterfaceOrientations_iPad = "UIInterfaceOrientationPortrait UIInterfaceOrientationPortraitUpsideDown UIInterfaceOrientationLandscapeLeft UIInterfaceOrientationLandscapeRight";
				INFOPLIST_KEY_UISupportedInterfaceOrientations_iPhone = "UIInterfaceOrientationPortrait UIInterfaceOrientationLandscapeLeft UIInterfaceOrientationLandscapeRight";
				IPHONEOS_DEPLOYMENT_TARGET = 15.0;
				LD_RUNPATH_SEARCH_PATHS = (
					"$(inherited)",
					"@executable_path/Frameworks",
				);
				MARKETING_VERSION = 1.0;
				PRODUCT_BUNDLE_IDENTIFIER = com.RickAndMortyApp;
				PRODUCT_NAME = "$(TARGET_NAME)";
				SUPPORTED_PLATFORMS = "iphoneos iphonesimulator";
				SUPPORTS_MACCATALYST = NO;
				SUPPORTS_MAC_DESIGNED_FOR_IPHONE_IPAD = NO;
				SUPPORTS_XR_DESIGNED_FOR_IPHONE_IPAD = NO;
				SWIFT_EMIT_LOC_STRINGS = YES;
				SWIFT_VERSION = 5.0;
				TARGETED_DEVICE_FAMILY = "1,2";
			};
			name = Debug;
		};
		DDEF43EB2D973A9100DFECE8 /* Release */ = {
			isa = XCBuildConfiguration;
			buildSettings = {
				ASSETCATALOG_COMPILER_APPICON_NAME = AppIcon;
				ASSETCATALOG_COMPILER_GLOBAL_ACCENT_COLOR_NAME = AccentColor;
				CODE_SIGN_STYLE = Automatic;
				CURRENT_PROJECT_VERSION = 1;
				DEVELOPMENT_TEAM = D28SS25G7Y;
				GENERATE_INFOPLIST_FILE = YES;
				INFOPLIST_FILE = RickAndMortyApp/Info.plist;
				INFOPLIST_KEY_UIApplicationSupportsIndirectInputEvents = YES;
				INFOPLIST_KEY_UILaunchStoryboardName = LaunchScreen;
				INFOPLIST_KEY_UISupportedInterfaceOrientations_iPad = "UIInterfaceOrientationPortrait UIInterfaceOrientationPortraitUpsideDown UIInterfaceOrientationLandscapeLeft UIInterfaceOrientationLandscapeRight";
				INFOPLIST_KEY_UISupportedInterfaceOrientations_iPhone = "UIInterfaceOrientationPortrait UIInterfaceOrientationLandscapeLeft UIInterfaceOrientationLandscapeRight";
				IPHONEOS_DEPLOYMENT_TARGET = 15.0;
				LD_RUNPATH_SEARCH_PATHS = (
					"$(inherited)",
					"@executable_path/Frameworks",
				);
				MARKETING_VERSION = 1.0;
				PRODUCT_BUNDLE_IDENTIFIER = com.RickAndMortyApp;
				PRODUCT_NAME = "$(TARGET_NAME)";
				SUPPORTED_PLATFORMS = "iphoneos iphonesimulator";
				SUPPORTS_MACCATALYST = NO;
				SUPPORTS_MAC_DESIGNED_FOR_IPHONE_IPAD = NO;
				SUPPORTS_XR_DESIGNED_FOR_IPHONE_IPAD = NO;
				SWIFT_EMIT_LOC_STRINGS = YES;
				SWIFT_VERSION = 5.0;
				TARGETED_DEVICE_FAMILY = "1,2";
			};
			name = Release;
		};
		DDEF43EC2D973A9100DFECE8 /* Debug */ = {
			isa = XCBuildConfiguration;
			buildSettings = {
				ALWAYS_SEARCH_USER_PATHS = NO;
				ASSETCATALOG_COMPILER_GENERATE_SWIFT_ASSET_SYMBOL_EXTENSIONS = YES;
				CLANG_ANALYZER_NONNULL = YES;
				CLANG_ANALYZER_NUMBER_OBJECT_CONVERSION = YES_AGGRESSIVE;
				CLANG_CXX_LANGUAGE_STANDARD = "gnu++20";
				CLANG_ENABLE_MODULES = YES;
				CLANG_ENABLE_OBJC_ARC = YES;
				CLANG_ENABLE_OBJC_WEAK = YES;
				CLANG_WARN_BLOCK_CAPTURE_AUTORELEASING = YES;
				CLANG_WARN_BOOL_CONVERSION = YES;
				CLANG_WARN_COMMA = YES;
				CLANG_WARN_CONSTANT_CONVERSION = YES;
				CLANG_WARN_DEPRECATED_OBJC_IMPLEMENTATIONS = YES;
				CLANG_WARN_DIRECT_OBJC_ISA_USAGE = YES_ERROR;
				CLANG_WARN_DOCUMENTATION_COMMENTS = YES;
				CLANG_WARN_EMPTY_BODY = YES;
				CLANG_WARN_ENUM_CONVERSION = YES;
				CLANG_WARN_INFINITE_RECURSION = YES;
				CLANG_WARN_INT_CONVERSION = YES;
				CLANG_WARN_NON_LITERAL_NULL_CONVERSION = YES;
				CLANG_WARN_OBJC_IMPLICIT_RETAIN_SELF = YES;
				CLANG_WARN_OBJC_LITERAL_CONVERSION = YES;
				CLANG_WARN_OBJC_ROOT_CLASS = YES_ERROR;
				CLANG_WARN_QUOTED_INCLUDE_IN_FRAMEWORK_HEADER = YES;
				CLANG_WARN_RANGE_LOOP_ANALYSIS = YES;
				CLANG_WARN_STRICT_PROTOTYPES = YES;
				CLANG_WARN_SUSPICIOUS_MOVE = YES;
				CLANG_WARN_UNGUARDED_AVAILABILITY = YES_AGGRESSIVE;
				CLANG_WARN_UNREACHABLE_CODE = YES;
				CLANG_WARN__DUPLICATE_METHOD_MATCH = YES;
				COPY_PHASE_STRIP = NO;
				DEBUG_INFORMATION_FORMAT = dwarf;
				ENABLE_STRICT_OBJC_MSGSEND = YES;
				ENABLE_TESTABILITY = YES;
				ENABLE_USER_SCRIPT_SANDBOXING = YES;
				GCC_C_LANGUAGE_STANDARD = gnu17;
				GCC_DYNAMIC_NO_PIC = NO;
				GCC_NO_COMMON_BLOCKS = YES;
				GCC_OPTIMIZATION_LEVEL = 0;
				GCC_PREPROCESSOR_DEFINITIONS = (
					"DEBUG=1",
					"$(inherited)",
				);
				GCC_WARN_64_TO_32_BIT_CONVERSION = YES;
				GCC_WARN_ABOUT_RETURN_TYPE = YES_ERROR;
				GCC_WARN_UNDECLARED_SELECTOR = YES;
				GCC_WARN_UNINITIALIZED_AUTOS = YES_AGGRESSIVE;
				GCC_WARN_UNUSED_FUNCTION = YES;
				GCC_WARN_UNUSED_VARIABLE = YES;
				IPHONEOS_DEPLOYMENT_TARGET = 18.2;
				LOCALIZATION_PREFERS_STRING_CATALOGS = YES;
				MTL_ENABLE_DEBUG_INFO = INCLUDE_SOURCE;
				MTL_FAST_MATH = YES;
				ONLY_ACTIVE_ARCH = YES;
				SDKROOT = iphoneos;
				SWIFT_ACTIVE_COMPILATION_CONDITIONS = "DEBUG $(inherited)";
				SWIFT_OPTIMIZATION_LEVEL = "-Onone";
			};
			name = Debug;
		};
		DDEF43ED2D973A9100DFECE8 /* Release */ = {
			isa = XCBuildConfiguration;
			buildSettings = {
				ALWAYS_SEARCH_USER_PATHS = NO;
				ASSETCATALOG_COMPILER_GENERATE_SWIFT_ASSET_SYMBOL_EXTENSIONS = YES;
				CLANG_ANALYZER_NONNULL = YES;
				CLANG_ANALYZER_NUMBER_OBJECT_CONVERSION = YES_AGGRESSIVE;
				CLANG_CXX_LANGUAGE_STANDARD = "gnu++20";
				CLANG_ENABLE_MODULES = YES;
				CLANG_ENABLE_OBJC_ARC = YES;
				CLANG_ENABLE_OBJC_WEAK = YES;
				CLANG_WARN_BLOCK_CAPTURE_AUTORELEASING = YES;
				CLANG_WARN_BOOL_CONVERSION = YES;
				CLANG_WARN_COMMA = YES;
				CLANG_WARN_CONSTANT_CONVERSION = YES;
				CLANG_WARN_DEPRECATED_OBJC_IMPLEMENTATIONS = YES;
				CLANG_WARN_DIRECT_OBJC_ISA_USAGE = YES_ERROR;
				CLANG_WARN_DOCUMENTATION_COMMENTS = YES;
				CLANG_WARN_EMPTY_BODY = YES;
				CLANG_WARN_ENUM_CONVERSION = YES;
				CLANG_WARN_INFINITE_RECURSION = YES;
				CLANG_WARN_INT_CONVERSION = YES;
				CLANG_WARN_NON_LITERAL_NULL_CONVERSION = YES;
				CLANG_WARN_OBJC_IMPLICIT_RETAIN_SELF = YES;
				CLANG_WARN_OBJC_LITERAL_CONVERSION = YES;
				CLANG_WARN_OBJC_ROOT_CLASS = YES_ERROR;
				CLANG_WARN_QUOTED_INCLUDE_IN_FRAMEWORK_HEADER = YES;
				CLANG_WARN_RANGE_LOOP_ANALYSIS = YES;
				CLANG_WARN_STRICT_PROTOTYPES = YES;
				CLANG_WARN_SUSPICIOUS_MOVE = YES;
				CLANG_WARN_UNGUARDED_AVAILABILITY = YES_AGGRESSIVE;
				CLANG_WARN_UNREACHABLE_CODE = YES;
				CLANG_WARN__DUPLICATE_METHOD_MATCH = YES;
				COPY_PHASE_STRIP = NO;
				DEBUG_INFORMATION_FORMAT = "dwarf-with-dsym";
				ENABLE_NS_ASSERTIONS = NO;
				ENABLE_STRICT_OBJC_MSGSEND = YES;
				ENABLE_USER_SCRIPT_SANDBOXING = YES;
				GCC_C_LANGUAGE_STANDARD = gnu17;
				GCC_NO_COMMON_BLOCKS = YES;
				GCC_WARN_64_TO_32_BIT_CONVERSION = YES;
				GCC_WARN_ABOUT_RETURN_TYPE = YES_ERROR;
				GCC_WARN_UNDECLARED_SELECTOR = YES;
				GCC_WARN_UNINITIALIZED_AUTOS = YES_AGGRESSIVE;
				GCC_WARN_UNUSED_FUNCTION = YES;
				GCC_WARN_UNUSED_VARIABLE = YES;
				IPHONEOS_DEPLOYMENT_TARGET = 18.2;
				LOCALIZATION_PREFERS_STRING_CATALOGS = YES;
				MTL_ENABLE_DEBUG_INFO = NO;
				MTL_FAST_MATH = YES;
				SDKROOT = iphoneos;
				SWIFT_COMPILATION_MODE = wholemodule;
				VALIDATE_PRODUCT = YES;
			};
			name = Release;
		};
/* End XCBuildConfiguration section */

/* Begin XCConfigurationList section */
		DDEF43CE2D973A8F00DFECE8 /* Build configuration list for PBXProject "RickAndMortyApp" */ = {
			isa = XCConfigurationList;
			buildConfigurations = (
				DDEF43EC2D973A9100DFECE8 /* Debug */,
				DDEF43ED2D973A9100DFECE8 /* Release */,
			);
			defaultConfigurationIsVisible = 0;
			defaultConfigurationName = Release;
		};
		DDEF43E92D973A9100DFECE8 /* Build configuration list for PBXNativeTarget "RickAndMortyApp" */ = {
			isa = XCConfigurationList;
			buildConfigurations = (
				DDEF43EA2D973A9100DFECE8 /* Debug */,
				DDEF43EB2D973A9100DFECE8 /* Release */,
			);
			defaultConfigurationIsVisible = 0;
			defaultConfigurationName = Release;
		};
/* End XCConfigurationList section */

/* Begin XCRemoteSwiftPackageReference section */
		DD67D0E82D9823E20026EF0E /* XCRemoteSwiftPackageReference "Alamofire" */ = {
			isa = XCRemoteSwiftPackageReference;
			repositoryURL = "https://github.com/Alamofire/Alamofire.git";
			requirement = {
				kind = upToNextMajorVersion;
				minimumVersion = 5.10.2;
			};
		};
/* End XCRemoteSwiftPackageReference section */

/* Begin XCSwiftPackageProductDependency section */
		DD67D0E92D9823E20026EF0E /* Alamofire */ = {
			isa = XCSwiftPackageProductDependency;
			package = DD67D0E82D9823E20026EF0E /* XCRemoteSwiftPackageReference "Alamofire" */;
			productName = Alamofire;
		};
/* End XCSwiftPackageProductDependency section */

/* Begin XCVersionGroup section */
		DDEF44032D973EC200DFECE8 /* RickAndMortyApp.xcdatamodeld */ = {
			isa = XCVersionGroup;
			children = (
				DDEF44072D973EC200DFECE8 /* RickAndMortyApp.xcdatamodel */,
			);
			currentVersion = DDEF44072D973EC200DFECE8 /* RickAndMortyApp.xcdatamodel */;
			path = RickAndMortyApp.xcdatamodeld;
			sourceTree = "<group>";
			versionGroupType = wrapper.xcdatamodel;
		};
/* End XCVersionGroup section */
	};
	rootObject = DDEF43CB2D973A8F00DFECE8 /* Project object */;
}
